
Microsoft Visual Studio Solution File, Format Version 12.00
# Visual Studio 2013
VisualStudioVersion = 12.0.31101.0
MinimumVisualStudioVersion = 10.0.40219.1
Project("{FAE04EC0-301F-11D3-BF4B-00C04F79EFBC}") = "Karate-Prototype-Movement", "Karate-Prototype-Movement\Karate-Prototype-Movement.csproj", "{A3E53531-7221-4E14-8C92-C54AF28B0253}"
EndProject
Project("{FAE04EC0-301F-11D3-BF4B-00C04F79EFBC}") = "Karate-Prototype-Attacking", "Karate-Prototype-Attacking\Karate-Prototype-Attacking.csproj", "{8C1DF3AB-F336-48BA-85C7-17DB4BAA6769}"
EndProject
Project("{FAE04EC0-301F-11D3-BF4B-00C04F79EFBC}") = "KarateChamp", "KarateChamp\KarateChamp.csproj", "{70026E16-7551-453A-9FD2-9CC349E436F4}"
EndProject
Project("{FAE04EC0-301F-11D3-BF4B-00C04F79EFBC}") = "Karate-Prototype-Input", "Karate-Prototype-Input\Karate-Prototype-Input.csproj", "{E3A58142-2D26-44E4-9EFE-87FBF35DFED2}"
EndProject
Project("{FAE04EC0-301F-11D3-BF4B-00C04F79EFBC}") = "Karate-Prototype-Atlasing", "Karate-Prototype-Atlasing\Karate-Prototype-Atlasing.csproj", "{6D89B02F-AD78-4734-BAB0-AC36EC9DE9AA}"
EndProject
Project("{FAE04EC0-301F-11D3-BF4B-00C04F79EFBC}") = "Karate-Prototype-Collision", "Karate-Prototype-Collision\Karate-Prototype-Collision.csproj", "{D7FC1D38-90FC-4940-8627-C6A9B0BC9261}"
EndProject
Global
	GlobalSection(SolutionConfigurationPlatforms) = preSolution
		Debug|x86 = Debug|x86
		Release|x86 = Release|x86
	EndGlobalSection
	GlobalSection(ProjectConfigurationPlatforms) = postSolution
		{A3E53531-7221-4E14-8C92-C54AF28B0253}.Debug|x86.ActiveCfg = Debug|x86
		{A3E53531-7221-4E14-8C92-C54AF28B0253}.Debug|x86.Build.0 = Debug|x86
		{A3E53531-7221-4E14-8C92-C54AF28B0253}.Release|x86.ActiveCfg = Release|x86
		{A3E53531-7221-4E14-8C92-C54AF28B0253}.Release|x86.Build.0 = Release|x86
		{8C1DF3AB-F336-48BA-85C7-17DB4BAA6769}.Debug|x86.ActiveCfg = Debug|x86
		{8C1DF3AB-F336-48BA-85C7-17DB4BAA6769}.Debug|x86.Build.0 = Debug|x86
		{8C1DF3AB-F336-48BA-85C7-17DB4BAA6769}.Release|x86.ActiveCfg = Release|x86
		{8C1DF3AB-F336-48BA-85C7-17DB4BAA6769}.Release|x86.Build.0 = Release|x86
		{70026E16-7551-453A-9FD2-9CC349E436F4}.Debug|x86.ActiveCfg = Debug|x86
		{70026E16-7551-453A-9FD2-9CC349E436F4}.Debug|x86.Build.0 = Debug|x86
		{70026E16-7551-453A-9FD2-9CC349E436F4}.Release|x86.ActiveCfg = Release|x86
		{70026E16-7551-453A-9FD2-9CC349E436F4}.Release|x86.Build.0 = Release|x86
		{E3A58142-2D26-44E4-9EFE-87FBF35DFED2}.Debug|x86.ActiveCfg = Debug|x86
		{E3A58142-2D26-44E4-9EFE-87FBF35DFED2}.Debug|x86.Build.0 = Debug|x86
		{E3A58142-2D26-44E4-9EFE-87FBF35DFED2}.Release|x86.ActiveCfg = Release|x86
		{E3A58142-2D26-44E4-9EFE-87FBF35DFED2}.Release|x86.Build.0 = Release|x86
		{6D89B02F-AD78-4734-BAB0-AC36EC9DE9AA}.Debug|x86.ActiveCfg = Debug|x86
		{6D89B02F-AD78-4734-BAB0-AC36EC9DE9AA}.Debug|x86.Build.0 = Debug|x86
		{6D89B02F-AD78-4734-BAB0-AC36EC9DE9AA}.Release|x86.ActiveCfg = Release|x86
		{6D89B02F-AD78-4734-BAB0-AC36EC9DE9AA}.Release|x86.Build.0 = Release|x86
		{D7FC1D38-90FC-4940-8627-C6A9B0BC9261}.Debug|x86.ActiveCfg = Debug|x86
		{D7FC1D38-90FC-4940-8627-C6A9B0BC9261}.Debug|x86.Build.0 = Debug|x86
		{D7FC1D38-90FC-4940-8627-C6A9B0BC9261}.Release|x86.ActiveCfg = Release|x86
		{D7FC1D38-90FC-4940-8627-C6A9B0BC9261}.Release|x86.Build.0 = Release|x86
	EndGlobalSection
	GlobalSection(SolutionProperties) = preSolution
		HideSolutionNode = FALSE
	EndGlobalSection
EndGlobal
